# generated by rye
# use `rye lock` or `rye sync` to update this lockfile
#
# last locked with the following flags:
#   pre: false
#   features: []
#   all-features: false
#   with-sources: false
#   generate-hashes: false

-e file:.
annotated-types==0.7.0
    # via pydantic
anyio==4.4.0
    # via httpx
    # via openai
astor==0.8.1
    # via pandasai
asttokens==2.4.1
    # via stack-data
certifi==2024.6.2
    # via httpcore
    # via httpx
    # via requests
charset-normalizer==3.3.2
    # via requests
comm==0.2.2
    # via ipykernel
contourpy==1.2.1
    # via matplotlib
cycler==0.12.1
    # via matplotlib
debugpy==1.8.1
    # via ipykernel
decorator==5.1.1
    # via ipython
distro==1.9.0
    # via openai
duckdb==0.10.3
    # via pandasai
executing==2.0.1
    # via stack-data
faker==19.13.0
    # via pandasai
fonttools==4.53.0
    # via matplotlib
greenlet==3.0.3
    # via sqlalchemy
h11==0.14.0
    # via httpcore
httpcore==1.0.5
    # via httpx
httpx==0.27.0
    # via openai
idna==3.7
    # via anyio
    # via httpx
    # via requests
ipykernel==6.29.4
ipython==8.25.0
    # via ipykernel
japanize-matplotlib==1.1.3
jedi==0.19.1
    # via ipython
jinja2==3.1.4
    # via pandasai
jupyter-client==8.6.2
    # via ipykernel
jupyter-core==5.7.2
    # via ipykernel
    # via jupyter-client
kiwisolver==1.4.5
    # via matplotlib
markupsafe==2.1.5
    # via jinja2
matplotlib==3.9.0
    # via japanize-matplotlib
    # via pandasai
matplotlib-inline==0.1.7
    # via ipykernel
    # via ipython
mpmath==1.3.0
    # via sympy
mypy==1.10.0
mypy-extensions==1.0.0
    # via mypy
nest-asyncio==1.6.0
    # via ipykernel
numpy==2.0.0
    # via contourpy
    # via matplotlib
    # via mics-exp-1
    # via pandas
    # via scipy
openai==1.35.3
    # via pandasai
packaging==24.1
    # via ipykernel
    # via matplotlib
pandas==1.5.3
    # via pandasai
pandasai==2.2.5
    # via mics-exp-1
parso==0.8.4
    # via jedi
pexpect==4.9.0
    # via ipython
pillow==10.3.0
    # via matplotlib
    # via pandasai
platformdirs==4.2.2
    # via jupyter-core
prompt-toolkit==3.0.47
    # via ipython
psutil==6.0.0
    # via ipykernel
ptyprocess==0.7.0
    # via pexpect
pure-eval==0.2.2
    # via stack-data
pydantic==2.7.4
    # via openai
    # via pandasai
pydantic-core==2.18.4
    # via pydantic
pygments==2.18.0
    # via ipython
    # via mics-exp-1
pyparsing==3.1.2
    # via matplotlib
python-dateutil==2.9.0.post0
    # via faker
    # via jupyter-client
    # via matplotlib
    # via pandas
python-dotenv==1.0.1
    # via pandasai
pytz==2024.1
    # via pandas
pyzmq==26.0.3
    # via ipykernel
    # via jupyter-client
requests==2.32.3
    # via pandasai
scipy==1.13.1
    # via pandasai
six==1.16.0
    # via asttokens
    # via python-dateutil
sniffio==1.3.1
    # via anyio
    # via httpx
    # via openai
sqlalchemy==2.0.31
    # via pandasai
sqlglot==25.3.0
    # via pandasai
sqlglotrs==0.2.7
    # via sqlglot
stack-data==0.6.3
    # via ipython
sympy==1.12.1
    # via mics-exp-1
tornado==6.4.1
    # via ipykernel
    # via jupyter-client
tqdm==4.66.4
    # via openai
traitlets==5.14.3
    # via comm
    # via ipykernel
    # via ipython
    # via jupyter-client
    # via jupyter-core
    # via matplotlib-inline
typing-extensions==4.12.2
    # via ipython
    # via mypy
    # via openai
    # via pydantic
    # via pydantic-core
    # via sqlalchemy
urllib3==2.2.2
    # via requests
wcwidth==0.2.13
    # via prompt-toolkit
